
Microsoft Visual Studio Solution File, Format Version 12.00
# Visual Studio Version 17
VisualStudioVersion = 17.11.35431.28
MinimumVisualStudioVersion = 10.0.40219.1
Project("{FAE04EC0-301F-11D3-BF4B-00C04F79EFBC}") = "StringReverseDemo", "StringReverseDemo\StringReverseDemo.csproj", "{805AE639-7289-4003-B186-763586206402}"
EndProject
Global
	GlobalSection(SolutionConfigurationPlatforms) = preSolution
		Debug|Any CPU = Debug|Any CPU
		Release|Any CPU = Release|Any CPU
	EndGlobalSection
	GlobalSection(ProjectConfigurationPlatforms) = postSolution
		{805AE639-7289-4003-B186-763586206402}.Debug|Any CPU.ActiveCfg = Debug|Any CPU
		{805AE639-7289-4003-B186-763586206402}.Debug|Any CPU.Build.0 = Debug|Any CPU
		{805AE639-7289-4003-B186-763586206402}.Release|Any CPU.ActiveCfg = Release|Any CPU
		{805AE639-7289-4003-B186-763586206402}.Release|Any CPU.Build.0 = Release|Any CPU
	EndGlobalSection
	GlobalSection(SolutionProperties) = preSolution
		HideSolutionNode = FALSE
	EndGlobalSection
	GlobalSection(ExtensibilityGlobals) = postSolution
		SolutionGuid = {266C6D0C-39DC-4B92-B1DD-02CB147B01D6}
	EndGlobalSection
EndGlobal
